{
  "version": 4,
  "terraform_version": "1.1.0",
  "serial": 12,
  "lineage": "0f7ef261-20f7-23d4-bc23-4d62cabc5c6a",
  "outputs": {
    "cluster_ca_certificate": {
      "value": "LS0tLS1CRUdJTiBDRVJUSUZJQ0FURS0tLS0tCk1JSUVMVENDQXBXZ0F3SUJBZ0lSQUlNdWc1THZ6VC9sWkFtekYyT2pWeGN3RFFZSktvWklodmNOQVFFTEJRQXcKTHpFdE1Dc0dBMVVFQXhNa1pHSTJaV0ZsTW1FdFpXSmtZUzAwTURBMUxXSXpOREV0TlRrNU9HVmlORFJtWkRjNApNQ0FYRFRJME1ETXhOakl5TXpreU5sb1lEekl3TlRRd016QTVNak16T1RJMldqQXZNUzB3S3dZRFZRUURFeVJrCllqWmxZV1V5WVMxbFltUmhMVFF3TURVdFlqTTBNUzAxT1RrNFpXSTBOR1prTnpnd2dnR2lNQTBHQ1NxR1NJYjMKRFFFQkFRVUFBNElCandBd2dnR0tBb0lCZ1FDRkMyME81SXg3L1BhMDdKMWtaeVJ2SmZPUmI1Qy9XcUdGK2twNgp6M21YYTRqM3c4dkRGNkNnakhiNHkvY1UvTlBHTWo5eWJ1Sk1EbWdtUmxkWWhsNHl0S3FiTngrVHp6VXFoeTY2Cmk5akdDc2ZWRVIxcVdhTXh0WXhINDNhVitobmY2NWtMRnd0ai9pODZoSlVpVUhUNk9VUFdzRW1yMzFaTDVxK1QKb2xrRFhMWEJKdSsrSURZWGNOY1ltMCtNRUxHTXhjSnhXcW8rMXFSNks0Q3F5MFJsT0NGWkRuQkVJUWRhaVdHQwpwQ0I2Y3ZIbk1yRDZRdy9EMGtpYXVxU2ZUR3pDaDdBQVgyUmpRM1Y0OVQwSXI1Z0lxOXdqNEt2MGt3MTlvd0Y5Cm5NOFFxcTNKQ040ZlBxeElRNW1mb2lLcXdFVWNtUUljUzcyaTBqNGdER3gzbFdhUm9aZUo0eFB1d1VSRFdtK0IKVU5CQnJuVWZjb0xsVjA4NkFHdCtBVGN0U3A1Z09oU05Bay85Wmswc0Z5RXIzOWpHaWhVTFFBdnZTMlRRWFlhSApRVndPTDRKbk93YUNVSTFEMzY3Ymp3ZWpTK1VnS25jMU1SaDlZdVpMOU5VZzFMSy9XVnBzOWFKbkE0UmwvdnBBCnkrVG5zaUlnZEZTYUd2ZS9rbDBPQU4xeUxMTUNBd0VBQWFOQ01FQXdEZ1lEVlIwUEFRSC9CQVFEQWdJRU1BOEcKQTFVZEV3RUIvd1FGTUFNQkFmOHdIUVlEVlIwT0JCWUVGQXd5VGUxM3FxMXRtVy9vcUpWVWlNOEp1em15TUEwRwpDU3FHU0liM0RRRUJDd1VBQTRJQmdRQk8wWHZpemk2TkNtVmYydzlScHZyMDBYTTA1WkNIR3B4d2NCK1BldTRLCkNwUDg2Q2Zjb1dPeElwRkdqdVlCdDdZVkFsNk5ERzRjcU1kTml6WjFIOXhrbHI1WDd5ajRUZ0RoYlZWeVl1KzYKN1pLTDcwMHZNZ1V3aW5adHUwNEtDSVJ1a3hZaU8zQ2dhZThkdklRQXJmNDhqZkZVeHppUSs3Zlg1djBWUEM0eQpnUWFlM0NHMXBqWHZXUWFGZ0YrdW13SVc2cmtoMkEvSTQ1M25Vazc5RkY4SDN2OVMrblJzRzJIVmpHbDNoVG1tCm0yVFMxcFZVR0h5Q29JbnY2dmZNY3pYeWRrbllzSHFTQVhtc1F5R1hJRjdEWEY3dTFZMGpPZHMvTUxUMkxMUGwKb0pJbkN4VEFUMGh4VlVsT0hObWttaXpDVlhRTG5kd2xvQ1FacEZhdGxkMW1laFZkazcvcHNhQWZBd0Rxa2ZGMAo0NjQrL2xMUlBvVytRY1Mza1p0SklQS1pLd2UzVGFUQkx0ZHliY1pUQ0ZibVlsREsxc0tMajZiNXhIUzU4UUxaClpUblJqYnY0TmtraWFwRGxPc3I3c3JadFMvUmFEZmt5bTFieGVrc081QS83VHFGaFdUTW5lTXJJNFhkZlpvYXEKRTEzeDVnYXM3Rm9UYW95REJLSlBpMHM9Ci0tLS0tRU5EIENFUlRJRklDQVRFLS0tLS0K",
      "type": "string"
    },
    "cluster_endpoint": {
      "value": "34.69.182.1",
      "type": "string"
    },
    "gke_cluster_endpoint": {
      "value": "https://34.69.182.1",
      "type": "string"
    }
  },
  "resources": [
    {
      "mode": "data",
      "type": "google_client_config",
      "name": "default",
      "provider": "provider[\"registry.terraform.io/hashicorp/google\"]",
      "instances": [
        {
          "schema_version": 0,
          "attributes": {
            "access_token": "ya29.c.c0AY_VpZh9dOjEdsnCQk-ZLZksuIrr5Wr9hpc2OXsboxRQhm0MSsKwBWjdkS5V911WqnR1m8eNcgFz4-LJJI52qAxsV5sM6dE-xf3eqbsPJKPJblYBpSn_Zhc1LDdjBc-D2Bgya020-DjPzZCEYmVk3w4PlN_CSQluoIvEZMZS0Ugy7QqSVhCpqOkb2BbagYaHSz64AHmPA-AIri-Ow3iQNSDBjFmJcNy7DX0jDh_vj4BKLpnAR4OQUPm8nNycUcga0DyBcaOEknm7-MF6sc6pEs5I8OyoWKQUY5UM32WAyyaCP1GCfbG9SSkWyw_BZuus2deor3gQ29ISpj0CcMfyRVxI27AfaOUT73Dd03E3Xrc6c0hNsxNzNTu9dAH387C37urWVzewsyrrVyl5nvWmySfISgdSvrupIxax95bgZF2QlW5OJayWkqu_j4qjrSt3MU7FiBe0oJ7VRQ978fqqVnaOc8lsJJ0pRbl1vYYRbIs_J2fQFfupR3Z0vgIff8-Mhaz44lrdRj12Qhv8mnu7JJOm3fkd9BQ0lnxnXfRmaiybw1B2q4zaaoiIdW6c5Q-k46Y1gwk9qvaW0XJUZOqx5MfV2FR_ufhBIQawtixuBWIx1oBJywX70exa2I8t6-u-9_RZMcOtl89RO0VtzojXfl3g-wezQnOx747xlWZf4YkRJYjj_gX0uR7__S8v1UpMsk7R-SiVex4J2Jup-woMo_rjrWBmWUhcBw25tpy0vmwwIelampRz-JBS4IJWaawZQdWiQ-w1iy2x0QBcs7vjeVWxISJvF1o_7It8oM52V3WnU4SVwByQ50ysdRkb_ibSu0z15JxbjWb8npgrnjBae01Vtt9ga8ci8lvBwi6n-kSuzuqS9lQjQwY-8pdqngrMi0fyjY_SqiWFuc6OerqYfwwYFlaw14Osly-W0_Q6-OzVryVgrz2mgoudWcrm7tkqrwIdo5hevu9hIjxXgxBJn3vhr-_zbXUp00fknspBeff73jZY1mln2o-",
            "id": "projects/\"athena-417502\"/regions/\"us-central1\"/zones/\u003cnull\u003e",
            "project": "athena-417502",
            "region": "us-central1",
            "zone": null
          },
          "sensitive_attributes": []
        }
      ]
    },
    {
      "mode": "managed",
      "type": "google_container_cluster",
      "name": "athena_cluster",
      "provider": "provider[\"registry.terraform.io/hashicorp/google\"]",
      "instances": [
        {
          "schema_version": 2,
          "attributes": {
            "addons_config": [
              {
                "cloudrun_config": [],
                "config_connector_config": [],
                "dns_cache_config": [],
                "gce_persistent_disk_csi_driver_config": [
                  {
                    "enabled": true
                  }
                ],
                "gcp_filestore_csi_driver_config": [],
                "gcs_fuse_csi_driver_config": [],
                "gke_backup_agent_config": [],
                "horizontal_pod_autoscaling": [],
                "http_load_balancing": [],
                "network_policy_config": [
                  {
                    "disabled": true
                  }
                ]
              }
            ],
            "allow_net_admin": null,
            "authenticator_groups_config": [],
            "binary_authorization": [
              {
                "enabled": false,
                "evaluation_mode": ""
              }
            ],
            "cluster_autoscaling": [
              {
                "auto_provisioning_defaults": [],
                "autoscaling_profile": "BALANCED",
                "enabled": false,
                "resource_limits": []
              }
            ],
            "cluster_ipv4_cidr": "10.4.0.0/14",
            "confidential_nodes": [],
            "cost_management_config": [],
            "database_encryption": [
              {
                "key_name": "",
                "state": "DECRYPTED"
              }
            ],
            "datapath_provider": "",
            "default_max_pods_per_node": 110,
            "default_snat_status": [
              {
                "disabled": false
              }
            ],
            "deletion_protection": true,
            "description": "",
            "dns_config": [],
            "enable_autopilot": false,
            "enable_intranode_visibility": false,
            "enable_k8s_beta_apis": [],
            "enable_kubernetes_alpha": false,
            "enable_l4_ilb_subsetting": false,
            "enable_legacy_abac": false,
            "enable_shielded_nodes": true,
            "enable_tpu": false,
            "endpoint": "34.69.182.1",
            "fleet": [],
            "gateway_api_config": [],
            "id": "projects/athena-417502/locations/us-central1/clusters/athena-cluster",
            "identity_service_config": [],
            "initial_node_count": 0,
            "ip_allocation_policy": [
              {
                "additional_pod_ranges_config": [],
                "cluster_ipv4_cidr_block": "10.4.0.0/14",
                "cluster_secondary_range_name": "gke-athena-cluster-pods-bf6089dc",
                "pod_cidr_overprovision_config": [
                  {
                    "disabled": false
                  }
                ],
                "services_ipv4_cidr_block": "10.8.0.0/20",
                "services_secondary_range_name": "gke-athena-cluster-services-bf6089dc",
                "stack_type": "IPV4"
              }
            ],
            "label_fingerprint": "a9dc16a7",
            "location": "us-central1",
            "logging_config": [
              {
                "enable_components": [
                  "SYSTEM_COMPONENTS",
                  "WORKLOADS"
                ]
              }
            ],
            "logging_service": "logging.googleapis.com/kubernetes",
            "maintenance_policy": [],
            "master_auth": [
              {
                "client_certificate": "",
                "client_certificate_config": [
                  {
                    "issue_client_certificate": false
                  }
                ],
                "client_key": "",
                "cluster_ca_certificate": "LS0tLS1CRUdJTiBDRVJUSUZJQ0FURS0tLS0tCk1JSUVMVENDQXBXZ0F3SUJBZ0lSQUlNdWc1THZ6VC9sWkFtekYyT2pWeGN3RFFZSktvWklodmNOQVFFTEJRQXcKTHpFdE1Dc0dBMVVFQXhNa1pHSTJaV0ZsTW1FdFpXSmtZUzAwTURBMUxXSXpOREV0TlRrNU9HVmlORFJtWkRjNApNQ0FYRFRJME1ETXhOakl5TXpreU5sb1lEekl3TlRRd016QTVNak16T1RJMldqQXZNUzB3S3dZRFZRUURFeVJrCllqWmxZV1V5WVMxbFltUmhMVFF3TURVdFlqTTBNUzAxT1RrNFpXSTBOR1prTnpnd2dnR2lNQTBHQ1NxR1NJYjMKRFFFQkFRVUFBNElCandBd2dnR0tBb0lCZ1FDRkMyME81SXg3L1BhMDdKMWtaeVJ2SmZPUmI1Qy9XcUdGK2twNgp6M21YYTRqM3c4dkRGNkNnakhiNHkvY1UvTlBHTWo5eWJ1Sk1EbWdtUmxkWWhsNHl0S3FiTngrVHp6VXFoeTY2Cmk5akdDc2ZWRVIxcVdhTXh0WXhINDNhVitobmY2NWtMRnd0ai9pODZoSlVpVUhUNk9VUFdzRW1yMzFaTDVxK1QKb2xrRFhMWEJKdSsrSURZWGNOY1ltMCtNRUxHTXhjSnhXcW8rMXFSNks0Q3F5MFJsT0NGWkRuQkVJUWRhaVdHQwpwQ0I2Y3ZIbk1yRDZRdy9EMGtpYXVxU2ZUR3pDaDdBQVgyUmpRM1Y0OVQwSXI1Z0lxOXdqNEt2MGt3MTlvd0Y5Cm5NOFFxcTNKQ040ZlBxeElRNW1mb2lLcXdFVWNtUUljUzcyaTBqNGdER3gzbFdhUm9aZUo0eFB1d1VSRFdtK0IKVU5CQnJuVWZjb0xsVjA4NkFHdCtBVGN0U3A1Z09oU05Bay85Wmswc0Z5RXIzOWpHaWhVTFFBdnZTMlRRWFlhSApRVndPTDRKbk93YUNVSTFEMzY3Ymp3ZWpTK1VnS25jMU1SaDlZdVpMOU5VZzFMSy9XVnBzOWFKbkE0UmwvdnBBCnkrVG5zaUlnZEZTYUd2ZS9rbDBPQU4xeUxMTUNBd0VBQWFOQ01FQXdEZ1lEVlIwUEFRSC9CQVFEQWdJRU1BOEcKQTFVZEV3RUIvd1FGTUFNQkFmOHdIUVlEVlIwT0JCWUVGQXd5VGUxM3FxMXRtVy9vcUpWVWlNOEp1em15TUEwRwpDU3FHU0liM0RRRUJDd1VBQTRJQmdRQk8wWHZpemk2TkNtVmYydzlScHZyMDBYTTA1WkNIR3B4d2NCK1BldTRLCkNwUDg2Q2Zjb1dPeElwRkdqdVlCdDdZVkFsNk5ERzRjcU1kTml6WjFIOXhrbHI1WDd5ajRUZ0RoYlZWeVl1KzYKN1pLTDcwMHZNZ1V3aW5adHUwNEtDSVJ1a3hZaU8zQ2dhZThkdklRQXJmNDhqZkZVeHppUSs3Zlg1djBWUEM0eQpnUWFlM0NHMXBqWHZXUWFGZ0YrdW13SVc2cmtoMkEvSTQ1M25Vazc5RkY4SDN2OVMrblJzRzJIVmpHbDNoVG1tCm0yVFMxcFZVR0h5Q29JbnY2dmZNY3pYeWRrbllzSHFTQVhtc1F5R1hJRjdEWEY3dTFZMGpPZHMvTUxUMkxMUGwKb0pJbkN4VEFUMGh4VlVsT0hObWttaXpDVlhRTG5kd2xvQ1FacEZhdGxkMW1laFZkazcvcHNhQWZBd0Rxa2ZGMAo0NjQrL2xMUlBvVytRY1Mza1p0SklQS1pLd2UzVGFUQkx0ZHliY1pUQ0ZibVlsREsxc0tMajZiNXhIUzU4UUxaClpUblJqYnY0TmtraWFwRGxPc3I3c3JadFMvUmFEZmt5bTFieGVrc081QS83VHFGaFdUTW5lTXJJNFhkZlpvYXEKRTEzeDVnYXM3Rm9UYW95REJLSlBpMHM9Ci0tLS0tRU5EIENFUlRJRklDQVRFLS0tLS0K"
              }
            ],
            "master_authorized_networks_config": [],
            "master_version": "1.27.8-gke.1067004",
            "mesh_certificates": [],
            "min_master_version": null,
            "monitoring_config": [
              {
                "advanced_datapath_observability_config": [
                  {
                    "enable_metrics": false,
                    "enable_relay": false,
                    "relay_mode": "DISABLED"
                  }
                ],
                "enable_components": [
                  "SYSTEM_COMPONENTS"
                ],
                "managed_prometheus": [
                  {
                    "enabled": true
                  }
                ]
              }
            ],
            "monitoring_service": "monitoring.googleapis.com/kubernetes",
            "name": "athena-cluster",
            "network": "projects/athena-417502/global/networks/default",
            "network_policy": [
              {
                "enabled": false,
                "provider": "PROVIDER_UNSPECIFIED"
              }
            ],
            "networking_mode": "VPC_NATIVE",
            "node_config": [
              {
                "advanced_machine_features": [],
                "boot_disk_kms_key": "",
                "confidential_nodes": [],
                "disk_size_gb": 100,
                "disk_type": "pd-balanced",
                "effective_taints": [],
                "enable_confidential_storage": false,
                "ephemeral_storage_local_ssd_config": [],
                "fast_socket": [],
                "gcfs_config": [],
                "guest_accelerator": [],
                "gvnic": [],
                "host_maintenance_policy": [],
                "image_type": "COS_CONTAINERD",
                "kubelet_config": [],
                "labels": {},
                "linux_node_config": [],
                "local_nvme_ssd_block_config": [],
                "local_ssd_count": 0,
                "logging_variant": "DEFAULT",
                "machine_type": "e2-medium",
                "metadata": {
                  "disable-legacy-endpoints": "true"
                },
                "min_cpu_platform": "",
                "node_group": "",
                "oauth_scopes": [
                  "https://www.googleapis.com/auth/devstorage.read_only",
                  "https://www.googleapis.com/auth/logging.write",
                  "https://www.googleapis.com/auth/monitoring",
                  "https://www.googleapis.com/auth/service.management.readonly",
                  "https://www.googleapis.com/auth/servicecontrol",
                  "https://www.googleapis.com/auth/trace.append"
                ],
                "preemptible": false,
                "reservation_affinity": [],
                "resource_labels": {},
                "resource_manager_tags": {},
                "service_account": "default",
                "shielded_instance_config": [
                  {
                    "enable_integrity_monitoring": true,
                    "enable_secure_boot": false
                  }
                ],
                "sole_tenant_config": [],
                "spot": false,
                "tags": [],
                "taint": [],
                "workload_metadata_config": []
              }
            ],
            "node_locations": [
              "us-central1-a",
              "us-central1-b",
              "us-central1-f"
            ],
            "node_pool": [
              {
                "autoscaling": [],
                "initial_node_count": 1,
                "instance_group_urls": [
                  "https://www.googleapis.com/compute/v1/projects/athena-417502/zones/us-central1-a/instanceGroupManagers/gke-athena-cluster-default-pool-c9589e2c-grp",
                  "https://www.googleapis.com/compute/v1/projects/athena-417502/zones/us-central1-b/instanceGroupManagers/gke-athena-cluster-default-pool-fb37ee04-grp",
                  "https://www.googleapis.com/compute/v1/projects/athena-417502/zones/us-central1-f/instanceGroupManagers/gke-athena-cluster-default-pool-0627b315-grp"
                ],
                "managed_instance_group_urls": [
                  "https://www.googleapis.com/compute/v1/projects/athena-417502/zones/us-central1-a/instanceGroups/gke-athena-cluster-default-pool-c9589e2c-grp",
                  "https://www.googleapis.com/compute/v1/projects/athena-417502/zones/us-central1-b/instanceGroups/gke-athena-cluster-default-pool-fb37ee04-grp",
                  "https://www.googleapis.com/compute/v1/projects/athena-417502/zones/us-central1-f/instanceGroups/gke-athena-cluster-default-pool-0627b315-grp"
                ],
                "management": [
                  {
                    "auto_repair": true,
                    "auto_upgrade": true
                  }
                ],
                "max_pods_per_node": 110,
                "name": "default-pool",
                "name_prefix": "",
                "network_config": [
                  {
                    "create_pod_range": false,
                    "enable_private_nodes": false,
                    "network_performance_config": [],
                    "pod_cidr_overprovision_config": [],
                    "pod_ipv4_cidr_block": "10.4.0.0/14",
                    "pod_range": "gke-athena-cluster-pods-bf6089dc"
                  }
                ],
                "node_config": [
                  {
                    "advanced_machine_features": [],
                    "boot_disk_kms_key": "",
                    "confidential_nodes": [],
                    "disk_size_gb": 100,
                    "disk_type": "pd-balanced",
                    "effective_taints": [],
                    "enable_confidential_storage": false,
                    "ephemeral_storage_local_ssd_config": [],
                    "fast_socket": [],
                    "gcfs_config": [],
                    "guest_accelerator": [],
                    "gvnic": [],
                    "host_maintenance_policy": [],
                    "image_type": "COS_CONTAINERD",
                    "kubelet_config": [],
                    "labels": {},
                    "linux_node_config": [],
                    "local_nvme_ssd_block_config": [],
                    "local_ssd_count": 0,
                    "logging_variant": "DEFAULT",
                    "machine_type": "e2-medium",
                    "metadata": {
                      "disable-legacy-endpoints": "true"
                    },
                    "min_cpu_platform": "",
                    "node_group": "",
                    "oauth_scopes": [
                      "https://www.googleapis.com/auth/devstorage.read_only",
                      "https://www.googleapis.com/auth/logging.write",
                      "https://www.googleapis.com/auth/monitoring",
                      "https://www.googleapis.com/auth/service.management.readonly",
                      "https://www.googleapis.com/auth/servicecontrol",
                      "https://www.googleapis.com/auth/trace.append"
                    ],
                    "preemptible": false,
                    "reservation_affinity": [],
                    "resource_labels": {},
                    "resource_manager_tags": {},
                    "service_account": "default",
                    "shielded_instance_config": [
                      {
                        "enable_integrity_monitoring": true,
                        "enable_secure_boot": false
                      }
                    ],
                    "sole_tenant_config": [],
                    "spot": false,
                    "tags": [],
                    "taint": [],
                    "workload_metadata_config": []
                  }
                ],
                "node_count": 1,
                "node_locations": [
                  "us-central1-a",
                  "us-central1-b",
                  "us-central1-f"
                ],
                "placement_policy": [],
                "upgrade_settings": [
                  {
                    "blue_green_settings": [],
                    "max_surge": 1,
                    "max_unavailable": 0,
                    "strategy": "SURGE"
                  }
                ],
                "version": "1.27.8-gke.1067004"
              }
            ],
            "node_pool_auto_config": [],
            "node_pool_defaults": [
              {
                "node_config_defaults": [
                  {
                    "logging_variant": "DEFAULT"
                  }
                ]
              }
            ],
            "node_version": "1.27.8-gke.1067004",
            "notification_config": [
              {
                "pubsub": [
                  {
                    "enabled": false,
                    "filter": [],
                    "topic": ""
                  }
                ]
              }
            ],
            "operation": null,
            "private_cluster_config": [
              {
                "enable_private_endpoint": false,
                "enable_private_nodes": false,
                "master_global_access_config": [
                  {
                    "enabled": false
                  }
                ],
                "master_ipv4_cidr_block": "",
                "peering_name": "",
                "private_endpoint": "10.128.0.2",
                "private_endpoint_subnetwork": "",
                "public_endpoint": "34.69.182.1"
              }
            ],
            "private_ipv6_google_access": "",
            "project": "athena-417502",
            "release_channel": [
              {
                "channel": "REGULAR"
              }
            ],
            "remove_default_node_pool": null,
            "resource_labels": {},
            "resource_usage_export_config": [],
            "security_posture_config": [
              {
                "mode": "BASIC",
                "vulnerability_mode": "VULNERABILITY_MODE_UNSPECIFIED"
              }
            ],
            "self_link": "https://container.googleapis.com/v1/projects/athena-417502/locations/us-central1/clusters/athena-cluster",
            "service_external_ips_config": [
              {
                "enabled": false
              }
            ],
            "services_ipv4_cidr": "10.8.0.0/20",
            "subnetwork": "projects/athena-417502/regions/us-central1/subnetworks/default",
            "timeouts": null,
            "tpu_ipv4_cidr_block": "",
            "vertical_pod_autoscaling": [],
            "workload_identity_config": []
          },
          "sensitive_attributes": [],
          "private": "eyJlMmJmYjczMC1lY2FhLTExZTYtOGY4OC0zNDM2M2JjN2M0YzAiOnsiY3JlYXRlIjoyNDAwMDAwMDAwMDAwLCJkZWxldGUiOjI0MDAwMDAwMDAwMDAsInJlYWQiOjI0MDAwMDAwMDAwMDAsInVwZGF0ZSI6MzYwMDAwMDAwMDAwMH0sInNjaGVtYV92ZXJzaW9uIjoiMiJ9"
        }
      ]
    },
    {
      "mode": "managed",
      "type": "helm_release",
      "name": "argocd",
      "provider": "provider[\"registry.terraform.io/hashicorp/helm\"]",
      "instances": [
        {
          "schema_version": 1,
          "attributes": {
            "atomic": false,
            "chart": "argo-cd",
            "cleanup_on_fail": false,
            "create_namespace": false,
            "dependency_update": false,
            "description": null,
            "devel": null,
            "disable_crd_hooks": false,
            "disable_openapi_validation": false,
            "disable_webhooks": false,
            "force_update": false,
            "id": "argocd",
            "keyring": null,
            "lint": false,
            "manifest": null,
            "max_history": 0,
            "metadata": [
              {
                "app_version": "2.0.0",
                "chart": "argo-cd",
                "name": "argocd",
                "namespace": "argocd",
                "revision": 1,
                "values": "{\"server\":{\"service\":{\"type\":\"LoadBalancer\"}}}",
                "version": "3.2.3"
              }
            ],
            "name": "argocd",
            "namespace": "argocd",
            "pass_credentials": false,
            "postrender": [],
            "recreate_pods": false,
            "render_subchart_notes": true,
            "replace": false,
            "repository": "https://argoproj.github.io/argo-helm",
            "repository_ca_file": null,
            "repository_cert_file": null,
            "repository_key_file": null,
            "repository_password": null,
            "repository_username": null,
            "reset_values": false,
            "reuse_values": false,
            "set": [
              {
                "name": "server.service.type",
                "type": "",
                "value": "LoadBalancer"
              }
            ],
            "set_list": [],
            "set_sensitive": [],
            "skip_crds": false,
            "status": "deployed",
            "timeout": 300,
            "values": null,
            "verify": false,
            "version": "3.2.3",
            "wait": true,
            "wait_for_jobs": false
          },
          "sensitive_attributes": [],
          "private": "eyJzY2hlbWFfdmVyc2lvbiI6IjEifQ==",
          "dependencies": [
            "data.google_client_config.default",
            "google_container_cluster.athena_cluster",
            "kubernetes_namespace.argocd"
          ]
        }
      ]
    },
    {
      "mode": "managed",
      "type": "kubernetes_namespace",
      "name": "argocd",
      "provider": "provider[\"registry.terraform.io/hashicorp/kubernetes\"]",
      "instances": [
        {
          "schema_version": 0,
          "attributes": {
            "id": "argocd",
            "metadata": [
              {
                "annotations": null,
                "generate_name": "",
                "generation": 0,
                "labels": null,
                "name": "argocd",
                "resource_version": "34969",
                "uid": "2a532b36-0365-4282-b884-ddfffa326608"
              }
            ],
            "timeouts": null,
            "wait_for_default_service_account": false
          },
          "sensitive_attributes": [],
          "private": "eyJlMmJmYjczMC1lY2FhLTExZTYtOGY4OC0zNDM2M2JjN2M0YzAiOnsiZGVsZXRlIjozMDAwMDAwMDAwMDB9fQ==",
          "dependencies": [
            "data.google_client_config.default",
            "google_container_cluster.athena_cluster"
          ]
        }
      ]
    }
  ]
}
